
Microsoft Visual Studio Solution File, Format Version 12.00
# Visual Studio Version 16
VisualStudioVersion = 16.0.29424.173
MinimumVisualStudioVersion = 10.0.40219.1
Project("{FAE04EC0-301F-11D3-BF4B-00C04F79EFBC}") = "Task_01-vowelCount", "Task_01-vowelCount\Task_01-vowelCount.csproj", "{9DE5A808-4520-4798-AB2C-845F64A4AF0E}"
EndProject
Global
	GlobalSection(SolutionConfigurationPlatforms) = preSolution
		Debug|Any CPU = Debug|Any CPU
		Release|Any CPU = Release|Any CPU
	EndGlobalSection
	GlobalSection(ProjectConfigurationPlatforms) = postSolution
		{9DE5A808-4520-4798-AB2C-845F64A4AF0E}.Debug|Any CPU.ActiveCfg = Debug|Any CPU
		{9DE5A808-4520-4798-AB2C-845F64A4AF0E}.Debug|Any CPU.Build.0 = Debug|Any CPU
		{9DE5A808-4520-4798-AB2C-845F64A4AF0E}.Release|Any CPU.ActiveCfg = Release|Any CPU
		{9DE5A808-4520-4798-AB2C-845F64A4AF0E}.Release|Any CPU.Build.0 = Release|Any CPU
	EndGlobalSection
	GlobalSection(SolutionProperties) = preSolution
		HideSolutionNode = FALSE
	EndGlobalSection
	GlobalSection(ExtensibilityGlobals) = postSolution
		SolutionGuid = {36B13ED6-BEC6-41F6-AFC7-606E1A8F111B}
	EndGlobalSection
EndGlobal
